
Microsoft Visual Studio Solution File, Format Version 12.00
# Visual Studio Version 16
VisualStudioVersion = 16.0.32228.343
MinimumVisualStudioVersion = 10.0.40219.1
Project("{FAE04EC0-301F-11D3-BF4B-00C04F79EFBC}") = "Lab02", "Lab02\Lab02.csproj", "{FECDD0BB-995A-4CAA-A9B6-4A0C8B6513B7}"
EndProject
Global
	GlobalSection(SolutionConfigurationPlatforms) = preSolution
		Debug|Any CPU = Debug|Any CPU
		Release|Any CPU = Release|Any CPU
	EndGlobalSection
	GlobalSection(ProjectConfigurationPlatforms) = postSolution
		{FECDD0BB-995A-4CAA-A9B6-4A0C8B6513B7}.Debug|Any CPU.ActiveCfg = Debug|Any CPU
		{FECDD0BB-995A-4CAA-A9B6-4A0C8B6513B7}.Debug|Any CPU.Build.0 = Debug|Any CPU
		{FECDD0BB-995A-4CAA-A9B6-4A0C8B6513B7}.Release|Any CPU.ActiveCfg = Release|Any CPU
		{FECDD0BB-995A-4CAA-A9B6-4A0C8B6513B7}.Release|Any CPU.Build.0 = Release|Any CPU
	EndGlobalSection
	GlobalSection(SolutionProperties) = preSolution
		HideSolutionNode = FALSE
	EndGlobalSection
	GlobalSection(ExtensibilityGlobals) = postSolution
		SolutionGuid = {F25B5EBD-FED3-44C2-9B51-6CBD1D816A39}
	EndGlobalSection
EndGlobal
