
Microsoft Visual Studio Solution File, Format Version 12.00
# Visual Studio Version 16
VisualStudioVersion = 16.0.32929.386
MinimumVisualStudioVersion = 10.0.40219.1
Project("{FAE04EC0-301F-11D3-BF4B-00C04F79EFBC}") = "Lab10", "Lab10\Lab10.csproj", "{2E27AA73-5169-4E93-AB74-A95C4DF9E22D}"
EndProject
Global
	GlobalSection(SolutionConfigurationPlatforms) = preSolution
		Debug|Any CPU = Debug|Any CPU
		Release|Any CPU = Release|Any CPU
	EndGlobalSection
	GlobalSection(ProjectConfigurationPlatforms) = postSolution
		{2E27AA73-5169-4E93-AB74-A95C4DF9E22D}.Debug|Any CPU.ActiveCfg = Debug|Any CPU
		{2E27AA73-5169-4E93-AB74-A95C4DF9E22D}.Debug|Any CPU.Build.0 = Debug|Any CPU
		{2E27AA73-5169-4E93-AB74-A95C4DF9E22D}.Release|Any CPU.ActiveCfg = Release|Any CPU
		{2E27AA73-5169-4E93-AB74-A95C4DF9E22D}.Release|Any CPU.Build.0 = Release|Any CPU
	EndGlobalSection
	GlobalSection(SolutionProperties) = preSolution
		HideSolutionNode = FALSE
	EndGlobalSection
	GlobalSection(ExtensibilityGlobals) = postSolution
		SolutionGuid = {D3C3F0D0-DC4A-4A00-B2B6-8C80C8E3B9F1}
	EndGlobalSection
EndGlobal
