
Microsoft Visual Studio Solution File, Format Version 12.00
# Visual Studio Version 16
VisualStudioVersion = 16.0.32228.343
MinimumVisualStudioVersion = 10.0.40219.1
Project("{FAE04EC0-301F-11D3-BF4B-00C04F79EFBC}") = "Lab01", "Lab01\Lab01.csproj", "{81142ACF-2AA9-47FA-A78E-7BCDAFC359A4}"
EndProject
Global
	GlobalSection(SolutionConfigurationPlatforms) = preSolution
		Debug|Any CPU = Debug|Any CPU
		Release|Any CPU = Release|Any CPU
	EndGlobalSection
	GlobalSection(ProjectConfigurationPlatforms) = postSolution
		{81142ACF-2AA9-47FA-A78E-7BCDAFC359A4}.Debug|Any CPU.ActiveCfg = Debug|Any CPU
		{81142ACF-2AA9-47FA-A78E-7BCDAFC359A4}.Debug|Any CPU.Build.0 = Debug|Any CPU
		{81142ACF-2AA9-47FA-A78E-7BCDAFC359A4}.Release|Any CPU.ActiveCfg = Release|Any CPU
		{81142ACF-2AA9-47FA-A78E-7BCDAFC359A4}.Release|Any CPU.Build.0 = Release|Any CPU
	EndGlobalSection
	GlobalSection(SolutionProperties) = preSolution
		HideSolutionNode = FALSE
	EndGlobalSection
	GlobalSection(ExtensibilityGlobals) = postSolution
		SolutionGuid = {AAF2B723-B20D-498D-9597-32C24C94AB40}
	EndGlobalSection
EndGlobal
