
Microsoft Visual Studio Solution File, Format Version 12.00
# Visual Studio Version 16
VisualStudioVersion = 16.0.32929.386
MinimumVisualStudioVersion = 10.0.40219.1
Project("{FAE04EC0-301F-11D3-BF4B-00C04F79EFBC}") = "Lab12", "Lab12\Lab12.csproj", "{1E4BCA28-1D5F-4151-8661-5A1FCB2E1E75}"
EndProject
Global
	GlobalSection(SolutionConfigurationPlatforms) = preSolution
		Debug|Any CPU = Debug|Any CPU
		Release|Any CPU = Release|Any CPU
	EndGlobalSection
	GlobalSection(ProjectConfigurationPlatforms) = postSolution
		{1E4BCA28-1D5F-4151-8661-5A1FCB2E1E75}.Debug|Any CPU.ActiveCfg = Debug|Any CPU
		{1E4BCA28-1D5F-4151-8661-5A1FCB2E1E75}.Debug|Any CPU.Build.0 = Debug|Any CPU
		{1E4BCA28-1D5F-4151-8661-5A1FCB2E1E75}.Release|Any CPU.ActiveCfg = Release|Any CPU
		{1E4BCA28-1D5F-4151-8661-5A1FCB2E1E75}.Release|Any CPU.Build.0 = Release|Any CPU
	EndGlobalSection
	GlobalSection(SolutionProperties) = preSolution
		HideSolutionNode = FALSE
	EndGlobalSection
	GlobalSection(ExtensibilityGlobals) = postSolution
		SolutionGuid = {C1B1B798-E3B8-4360-A30F-D5ADF341789F}
	EndGlobalSection
EndGlobal
