
Microsoft Visual Studio Solution File, Format Version 12.00
# Visual Studio Version 16
VisualStudioVersion = 16.0.32228.343
MinimumVisualStudioVersion = 10.0.40219.1
Project("{FAE04EC0-301F-11D3-BF4B-00C04F79EFBC}") = "Lab08", "Lab08\Lab08.csproj", "{3EC44D3C-2BCC-4983-98B4-ECF5EC3DB3E7}"
EndProject
Global
	GlobalSection(SolutionConfigurationPlatforms) = preSolution
		Debug|Any CPU = Debug|Any CPU
		Release|Any CPU = Release|Any CPU
	EndGlobalSection
	GlobalSection(ProjectConfigurationPlatforms) = postSolution
		{3EC44D3C-2BCC-4983-98B4-ECF5EC3DB3E7}.Debug|Any CPU.ActiveCfg = Debug|Any CPU
		{3EC44D3C-2BCC-4983-98B4-ECF5EC3DB3E7}.Debug|Any CPU.Build.0 = Debug|Any CPU
		{3EC44D3C-2BCC-4983-98B4-ECF5EC3DB3E7}.Release|Any CPU.ActiveCfg = Release|Any CPU
		{3EC44D3C-2BCC-4983-98B4-ECF5EC3DB3E7}.Release|Any CPU.Build.0 = Release|Any CPU
	EndGlobalSection
	GlobalSection(SolutionProperties) = preSolution
		HideSolutionNode = FALSE
	EndGlobalSection
	GlobalSection(ExtensibilityGlobals) = postSolution
		SolutionGuid = {0C62C5CC-6526-4609-A041-9059CF27A7D9}
	EndGlobalSection
EndGlobal
